
Microsoft Visual Studio Solution File, Format Version 12.00
# Visual Studio 15
VisualStudioVersion = 15.0.28307.757
MinimumVisualStudioVersion = 10.0.40219.1
Project("{FAE04EC0-301F-11D3-BF4B-00C04F79EFBC}") = "HuffmanAlgoImplementation", "HuffmanAlgoImplementation\HuffmanAlgoImplementation.csproj", "{476E14F4-FC17-4EC0-BEA9-46248D1D31DF}"
EndProject
Global
	GlobalSection(SolutionConfigurationPlatforms) = preSolution
		Debug|Any CPU = Debug|Any CPU
		Release|Any CPU = Release|Any CPU
	EndGlobalSection
	GlobalSection(ProjectConfigurationPlatforms) = postSolution
		{476E14F4-FC17-4EC0-BEA9-46248D1D31DF}.Debug|Any CPU.ActiveCfg = Debug|Any CPU
		{476E14F4-FC17-4EC0-BEA9-46248D1D31DF}.Debug|Any CPU.Build.0 = Debug|Any CPU
		{476E14F4-FC17-4EC0-BEA9-46248D1D31DF}.Release|Any CPU.ActiveCfg = Release|Any CPU
		{476E14F4-FC17-4EC0-BEA9-46248D1D31DF}.Release|Any CPU.Build.0 = Release|Any CPU
	EndGlobalSection
	GlobalSection(SolutionProperties) = preSolution
		HideSolutionNode = FALSE
	EndGlobalSection
	GlobalSection(ExtensibilityGlobals) = postSolution
		SolutionGuid = {1E75DB0B-BAB4-4E99-9DBB-D0F7D6372231}
	EndGlobalSection
EndGlobal
